// !$*UTF8*$!
{
	archiveVersion = 1;
	classes = {
	};
	objectVersion = 46;
	objects = {

/* Begin PBXBuildFile section */
		5F4A38DD1CA3304100B7703C /* AppDelegate.swift in Sources */ = {isa = PBXBuildFile; fileRef = 5F4A38DC1CA3304100B7703C /* AppDelegate.swift */; };
		5F4A38DF1CA3304100B7703C /* ViewController.swift in Sources */ = {isa = PBXBuildFile; fileRef = 5F4A38DE1CA3304100B7703C /* ViewController.swift */; };
		5F4A38E21CA3304600B7703C /* Main.storyboard in Resources */ = {isa = PBXBuildFile; fileRef = 5F4A38E01CA3304600B7703C /* Main.storyboard */; };
		5F4A38E41CA3304E00B7703C /* Assets.xcassets in Resources */ = {isa = PBXBuildFile; fileRef = 5F4A38E31CA3304E00B7703C /* Assets.xcassets */; };
		5F4A38E71CA3304F00B7703C /* LaunchScreen.storyboard in Resources */ = {isa = PBXBuildFile; fileRef = 5F4A38E51CA3304F00B7703C /* LaunchScreen.storyboard */; };
		5F4A38F21CA3305600B7703C /* Prueba_GithubTests.swift in Sources */ = {isa = PBXBuildFile; fileRef = 5F4A38F11CA3305600B7703C /* Prueba_GithubTests.swift */; };
		5F4A38FD1CA3305A00B7703C /* Prueba_GithubUITests.swift in Sources */ = {isa = PBXBuildFile; fileRef = 5F4A38FC1CA3305A00B7703C /* Prueba_GithubUITests.swift */; };
/* End PBXBuildFile section */

/* Begin PBXContainerItemProxy section */
		5F4A38EE1CA3305100B7703C /* PBXContainerItemProxy */ = {
			isa = PBXContainerItemProxy;
			containerPortal = 5F4A38D11CA3303C00B7703C /* Project object */;
			proxyType = 1;
			remoteGlobalIDString = 5F4A38D81CA3303D00B7703C;
			remoteInfo = "Prueba Github";
		};
		5F4A38F91CA3305700B7703C /* PBXContainerItemProxy */ = {
			isa = PBXContainerItemProxy;
			containerPortal = 5F4A38D11CA3303C00B7703C /* Project object */;
			proxyType = 1;
			remoteGlobalIDString = 5F4A38D81CA3303D00B7703C;
			remoteInfo = "Prueba Github";
		};
/* End PBXContainerItemProxy section */

/* Begin PBXFileReference section */
		5F4A38D91CA3303D00B7703C /* Prueba Github.app */ = {isa = PBXFileReference; explicitFileType = wrapper.application; includeInIndex = 0; path = "Prueba Github.app"; sourceTree = BUILT_PRODUCTS_DIR; };
		5F4A38DC1CA3304100B7703C /* AppDelegate.swift */ = {isa = PBXFileReference; lastKnownFileType = sourcecode.swift; path = AppDelegate.swift; sourceTree = "<group>"; };
		5F4A38DE1CA3304100B7703C /* ViewController.swift */ = {isa = PBXFileReference; lastKnownFileType = sourcecode.swift; path = ViewController.swift; sourceTree = "<group>"; };
		5F4A38E11CA3304600B7703C /* Base */ = {isa = PBXFileReference; lastKnownFileType = file.storyboard; name = Base; path = Base.lproj/Main.storyboard; sourceTree = "<group>"; };
		5F4A38E31CA3304E00B7703C /* Assets.xcassets */ = {isa = PBXFileReference; lastKnownFileType = folder.assetcatalog; path = Assets.xcassets; sourceTree = "<group>"; };
		5F4A38E61CA3304F00B7703C /* Base */ = {isa = PBXFileReference; lastKnownFileType = file.storyboard; name = Base; path = Base.lproj/LaunchScreen.storyboard; sourceTree = "<group>"; };
		5F4A38E81CA3305100B7703C /* Info.plist */ = {isa = PBXFileReference; lastKnownFileType = text.plist.xml; path = Info.plist; sourceTree = "<group>"; };
		5F4A38ED1CA3305100B7703C /* Prueba GithubTests.xctest */ = {isa = PBXFileReference; explicitFileType = wrapper.cfbundle; includeInIndex = 0; path = "Prueba GithubTests.xctest"; sourceTree = BUILT_PRODUCTS_DIR; };
		5F4A38F11CA3305600B7703C /* Prueba_GithubTests.swift */ = {isa = PBXFileReference; lastKnownFileType = sourcecode.swift; path = Prueba_GithubTests.swift; sourceTree = "<group>"; };
		5F4A38F31CA3305700B7703C /* Info.plist */ = {isa = PBXFileReference; lastKnownFileType = text.plist.xml; path = Info.plist; sourceTree = "<group>"; };
		5F4A38F81CA3305700B7703C /* Prueba GithubUITests.xctest */ = {isa = PBXFileReference; explicitFileType = wrapper.cfbundle; includeInIndex = 0; path = "Prueba GithubUITests.xctest"; sourceTree = BUILT_PRODUCTS_DIR; };
		5F4A38FC1CA3305A00B7703C /* Prueba_GithubUITests.swift */ = {isa = PBXFileReference; lastKnownFileType = sourcecode.swift; path = Prueba_GithubUITests.swift; sourceTree = "<group>"; };
		5F4A38FE1CA3305B00B7703C /* Info.plist */ = {isa = PBXFileReference; lastKnownFileType = text.plist.xml; path = Info.plist; sourceTree = "<group>"; };
/* End PBXFileReference section */

/* Begin PBXFrameworksBuildPhase section */
		5F4A38D61CA3303D00B7703C /* Frameworks */ = {
			isa = PBXFrameworksBuildPhase;
			buildActionMask = 2147483647;
			files = (
			);
			runOnlyForDeploymentPostprocessing = 0;
		};
		5F4A38EA1CA3305100B7703C /* Frameworks */ = {
			isa = PBXFrameworksBuildPhase;
			buildActionMask = 2147483647;
			files = (
			);
			runOnlyForDeploymentPostprocessing = 0;
		};
		5F4A38F51CA3305700B7703C /* Frameworks */ = {
			isa = PBXFrameworksBuildPhase;
			buildActionMask = 2147483647;
			files = (
			);
			runOnlyForDeploymentPostprocessing = 0;
		};
/* End PBXFrameworksBuildPhase section */

/* Begin PBXGroup section */
		5F4A38D01CA3303C00B7703C = {
			isa = PBXGroup;
			children = (
				5F4A38DB1CA3303D00B7703C /* Prueba Github */,
				5F4A38F01CA3305100B7703C /* Prueba GithubTests */,
				5F4A38FB1CA3305700B7703C /* Prueba GithubUITests */,
				5F4A38DA1CA3303D00B7703C /* Products */,
			);
			sourceTree = "<group>";
		};
		5F4A38DA1CA3303D00B7703C /* Products */ = {
			isa = PBXGroup;
			children = (
				5F4A38D91CA3303D00B7703C /* Prueba Github.app */,
				5F4A38ED1CA3305100B7703C /* Prueba GithubTests.xctest */,
				5F4A38F81CA3305700B7703C /* Prueba GithubUITests.xctest */,
			);
			name = Products;
			sourceTree = "<group>";
		};
		5F4A38DB1CA3303D00B7703C /* Prueba Github */ = {
			isa = PBXGroup;
			children = (
				5F4A38DC1CA3304100B7703C /* AppDelegate.swift */,
				5F4A38DE1CA3304100B7703C /* ViewController.swift */,
				5F4A38E01CA3304600B7703C /* Main.storyboard */,
				5F4A38E31CA3304E00B7703C /* Assets.xcassets */,
				5F4A38E51CA3304F00B7703C /* LaunchScreen.storyboard */,
				5F4A38E81CA3305100B7703C /* Info.plist */,
			);
			path = "Prueba Github";
			sourceTree = "<group>";
		};
		5F4A38F01CA3305100B7703C /* Prueba GithubTests */ = {
			isa = PBXGroup;
			children = (
				5F4A38F11CA3305600B7703C /* Prueba_GithubTests.swift */,
				5F4A38F31CA3305700B7703C /* Info.plist */,
			);
			path = "Prueba GithubTests";
			sourceTree = "<group>";
		};
		5F4A38FB1CA3305700B7703C /* Prueba GithubUITests */ = {
			isa = PBXGroup;
			children = (
				5F4A38FC1CA3305A00B7703C /* Prueba_GithubUITests.swift */,
				5F4A38FE1CA3305B00B7703C /* Info.plist */,
			);
			path = "Prueba GithubUITests";
			sourceTree = "<group>";
		};
/* End PBXGroup section */

/* Begin PBXNativeTarget section */
		5F4A38D81CA3303D00B7703C /* Prueba Github */ = {
			isa = PBXNativeTarget;
			buildConfigurationList = 5F4A39011CA3305B00B7703C /* Build configuration list for PBXNativeTarget "Prueba Github" */;
			buildPhases = (
				5F4A38D51CA3303D00B7703C /* Sources */,
				5F4A38D61CA3303D00B7703C /* Frameworks */,
				5F4A38D71CA3303D00B7703C /* Resources */,
			);
			buildRules = (
			);
			dependencies = (
			);
			name = "Prueba Github";
			productName = "Prueba Github";
			productReference = 5F4A38D91CA3303D00B7703C /* Prueba Github.app */;
			productType = "com.apple.product-type.application";
		};
		5F4A38EC1CA3305100B7703C /* Prueba GithubTests */ = {
			isa = PBXNativeTarget;
			buildConfigurationList = 5F4A39041CA3305B00B7703C /* Build configuration list for PBXNativeTarget "Prueba GithubTests" */;
			buildPhases = (
				5F4A38E91CA3305100B7703C /* Sources */,
				5F4A38EA1CA3305100B7703C /* Frameworks */,
				5F4A38EB1CA3305100B7703C /* Resources */,
			);
			buildRules = (
			);
			dependencies = (
				5F4A38EF1CA3305100B7703C /* PBXTargetDependency */,
			);
			name = "Prueba GithubTests";
			productName = "Prueba GithubTests";
			productReference = 5F4A38ED1CA3305100B7703C /* Prueba GithubTests.xctest */;
			productType = "com.apple.product-type.bundle.unit-test";
		};
		5F4A38F71CA3305700B7703C /* Prueba GithubUITests */ = {
			isa = PBXNativeTarget;
			buildConfigurationList = 5F4A39071CA3305B00B7703C /* Build configuration list for PBXNativeTarget "Prueba GithubUITests" */;
			buildPhases = (
				5F4A38F41CA3305700B7703C /* Sources */,
				5F4A38F51CA3305700B7703C /* Frameworks */,
				5F4A38F61CA3305700B7703C /* Resources */,
			);
			buildRules = (
			);
			dependencies = (
				5F4A38FA1CA3305700B7703C /* PBXTargetDependency */,
			);
			name = "Prueba GithubUITests";
			productName = "Prueba GithubUITests";
			productReference = 5F4A38F81CA3305700B7703C /* Prueba GithubUITests.xctest */;
			productType = "com.apple.product-type.bundle.ui-testing";
		};
/* End PBXNativeTarget section */

/* Begin PBXProject section */
		5F4A38D11CA3303C00B7703C /* Project object */ = {
			isa = PBXProject;
			attributes = {
				LastSwiftUpdateCheck = 0730;
				LastUpgradeCheck = 0730;
				ORGANIZATIONNAME = "Guillermo Cavazos";
				TargetAttributes = {
					5F4A38D81CA3303D00B7703C = {
						CreatedOnToolsVersion = 7.3;
					};
					5F4A38EC1CA3305100B7703C = {
						CreatedOnToolsVersion = 7.3;
						TestTargetID = 5F4A38D81CA3303D00B7703C;
					};
					5F4A38F71CA3305700B7703C = {
						CreatedOnToolsVersion = 7.3;
						TestTargetID = 5F4A38D81CA3303D00B7703C;
					};
				};
			};
			buildConfigurationList = 5F4A38D41CA3303C00B7703C /* Build configuration list for PBXProject "Prueba Github" */;
			compatibilityVersion = "Xcode 3.2";
			developmentRegion = English;
			hasScannedForEncodings = 0;
			knownRegions = (
				en,
				Base,
			);
			mainGroup = 5F4A38D01CA3303C00B7703C;
			productRefGroup = 5F4A38DA1CA3303D00B7703C /* Products */;
			projectDirPath = "";
			projectRoot = "";
			targets = (
				5F4A38D81CA3303D00B7703C /* Prueba Github */,
				5F4A38EC1CA3305100B7703C /* Prueba GithubTests */,
				5F4A38F71CA3305700B7703C /* Prueba GithubUITests */,
			);
		};
/* End PBXProject section */

/* Begin PBXResourcesBuildPhase section */
		5F4A38D71CA3303D00B7703C /* Resources */ = {
			isa = PBXResourcesBuildPhase;
			buildActionMask = 2147483647;
			files = (
				5F4A38E71CA3304F00B7703C /* LaunchScreen.storyboard in Resources */,
				5F4A38E41CA3304E00B7703C /* Assets.xcassets in Resources */,
				5F4A38E21CA3304600B7703C /* Main.storyboard in Resources */,
			);
			runOnlyForDeploymentPostprocessing = 0;
		};
		5F4A38EB1CA3305100B7703C /* Resources */ = {
			isa = PBXResourcesBuildPhase;
			buildActionMask = 2147483647;
			files = (
			);
			runOnlyForDeploymentPostprocessing = 0;
		};
		5F4A38F61CA3305700B7703C /* Resources */ = {
			isa = PBXResourcesBuildPhase;
			buildActionMask = 2147483647;
			files = (
			);
			runOnlyForDeploymentPostprocessing = 0;
		};
/* End PBXResourcesBuildPhase section */

/* Begin PBXSourcesBuildPhase section */
		5F4A38D51CA3303D00B7703C /* Sources */ = {
			isa = PBXSourcesBuildPhase;
			buildActionMask = 2147483647;
			files = (
				5F4A38DF1CA3304100B7703C /* ViewController.swift in Sources */,
				5F4A38DD1CA3304100B7703C /* AppDelegate.swift in Sources */,
			);
			runOnlyForDeploymentPostprocessing = 0;
		};
		5F4A38E91CA3305100B7703C /* Sources */ = {
			isa = PBXSourcesBuildPhase;
			buildActionMask = 2147483647;
			files = (
				5F4A38F21CA3305600B7703C /* Prueba_GithubTests.swift in Sources */,
			);
			runOnlyForDeploymentPostprocessing = 0;
		};
		5F4A38F41CA3305700B7703C /* Sources */ = {
			isa = PBXSourcesBuildPhase;
			buildActionMask = 2147483647;
			files = (
				5F4A38FD1CA3305A00B7703C /* Prueba_GithubUITests.swift in Sources */,
			);
			runOnlyForDeploymentPostprocessing = 0;
		};
/* End PBXSourcesBuildPhase section */

/* Begin PBXTargetDependency section */
		5F4A38EF1CA3305100B7703C /* PBXTargetDependency */ = {
			isa = PBXTargetDependency;
			target = 5F4A38D81CA3303D00B7703C /* Prueba Github */;
			targetProxy = 5F4A38EE1CA3305100B7703C /* PBXContainerItemProxy */;
		};
		5F4A38FA1CA3305700B7703C /* PBXTargetDependency */ = {
			isa = PBXTargetDependency;
			target = 5F4A38D81CA3303D00B7703C /* Prueba Github */;
			targetProxy = 5F4A38F91CA3305700B7703C /* PBXContainerItemProxy */;
		};
/* End PBXTargetDependency section */

/* Begin PBXVariantGroup section */
		5F4A38E01CA3304600B7703C /* Main.storyboard */ = {
			isa = PBXVariantGroup;
			children = (
				5F4A38E11CA3304600B7703C /* Base */,
			);
			name = Main.storyboard;
			sourceTree = "<group>";
		};
		5F4A38E51CA3304F00B7703C /* LaunchScreen.storyboard */ = {
			isa = PBXVariantGroup;
			children = (
				5F4A38E61CA3304F00B7703C /* Base */,
			);
			name = LaunchScreen.storyboard;
			sourceTree = "<group>";
		};
/* End PBXVariantGroup section */

/* Begin XCBuildConfiguration section */
		5F4A38FF1CA3305B00B7703C /* Debug */ = {
			isa = XCBuildConfiguration;
			buildSettings = {
				ALWAYS_SEARCH_USER_PATHS = NO;
				CLANG_ANALYZER_NONNULL = YES;
				CLANG_CXX_LANGUAGE_STANDARD = "gnu++0x";
				CLANG_CXX_LIBRARY = "libc++";
				CLANG_ENABLE_MODULES = YES;
				CLANG_ENABLE_OBJC_ARC = YES;
				CLANG_WARN_BOOL_CONVERSION = YES;
				CLANG_WARN_CONSTANT_CONVERSION = YES;
				CLANG_WARN_DIRECT_OBJC_ISA_USAGE = YES_ERROR;
				CLANG_WARN_EMPTY_BODY = YES;
				CLANG_WARN_ENUM_CONVERSION = YES;
				CLANG_WARN_INT_CONVERSION = YES;
				CLANG_WARN_OBJC_ROOT_CLASS = YES_ERROR;
				CLANG_WARN_UNREACHABLE_CODE = YES;
				CLANG_WARN__DUPLICATE_METHOD_MATCH = YES;
				"CODE_SIGN_IDENTITY[sdk=iphoneos*]" = "iPhone Developer";
				COPY_PHASE_STRIP = NO;
				DEBUG_INFORMATION_FORMAT = dwarf;
				ENABLE_STRICT_OBJC_MSGSEND = YES;
				ENABLE_TESTABILITY = YES;
				GCC_C_LANGUAGE_STANDARD = gnu99;
				GCC_DYNAMIC_NO_PIC = NO;
				GCC_NO_COMMON_BLOCKS = YES;
				GCC_OPTIMIZATION_LEVEL = 0;
				GCC_PREPROCESSOR_DEFINITIONS = (
					"DEBUG=1",
					"$(inherited)",
				);
				GCC_WARN_64_TO_32_BIT_CONVERSION = YES;
				GCC_WARN_ABOUT_RETURN_TYPE = YES_ERROR;
				GCC_WARN_UNDECLARED_SELECTOR = YES;
				GCC_WARN_UNINITIALIZED_AUTOS = YES_AGGRESSIVE;
				GCC_WARN_UNUSED_FUNCTION = YES;
				GCC_WARN_UNUSED_VARIABLE = YES;
				IPHONEOS_DEPLOYMENT_TARGET = 9.3;
				MTL_ENABLE_DEBUG_INFO = YES;
				ONLY_ACTIVE_ARCH = YES;
				SDKROOT = iphoneos;
				SWIFT_OPTIMIZATION_LEVEL = "-Onone";
			};
			name = Debug;
		};
		5F4A39001CA3305B00B7703C /* Release */ = {
			isa = XCBuildConfiguration;
			buildSettings = {
				ALWAYS_SEARCH_USER_PATHS = NO;
				CLANG_ANALYZER_NONNULL = YES;
				CLANG_CXX_LANGUAGE_STANDARD = "gnu++0x";
				CLANG_CXX_LIBRARY = "libc++";
				CLANG_ENABLE_MODULES = YES;
				CLANG_ENABLE_OBJC_ARC = YES;
				CLANG_WARN_BOOL_CONVERSION = YES;
				CLANG_WARN_CONSTANT_CONVERSION = YES;
				CLANG_WARN_DIRECT_OBJC_ISA_USAGE = YES_ERROR;
				CLANG_WARN_EMPTY_BODY = YES;
				CLANG_WARN_ENUM_CONVERSION = YES;
				CLANG_WARN_INT_CONVERSION = YES;
				CLANG_WARN_OBJC_ROOT_CLASS = YES_ERROR;
				CLANG_WARN_UNREACHABLE_CODE = YES;
				CLANG_WARN__DUPLICATE_METHOD_MATCH = YES;
				"CODE_SIGN_IDENTITY[sdk=iphoneos*]" = "iPhone Developer";
				COPY_PHASE_STRIP = NO;
				DEBUG_INFORMATION_FORMAT = "dwarf-with-dsym";
				ENABLE_NS_ASSERTIONS = NO;
				ENABLE_STRICT_OBJC_MSGSEND = YES;
				GCC_C_LANGUAGE_STANDARD = gnu99;
				GCC_NO_COMMON_BLOCKS = YES;
				GCC_WARN_64_TO_32_BIT_CONVERSION = YES;
				GCC_WARN_ABOUT_RETURN_TYPE = YES_ERROR;
				GCC_WARN_UNDECLARED_SELECTOR = YES;
				GCC_WARN_UNINITIALIZED_AUTOS = YES_AGGRESSIVE;
				GCC_WARN_UNUSED_FUNCTION = YES;
				GCC_WARN_UNUSED_VARIABLE = YES;
				IPHONEOS_DEPLOYMENT_TARGET = 9.3;
				MTL_ENABLE_DEBUG_INFO = NO;
				SDKROOT = iphoneos;
				VALIDATE_PRODUCT = YES;
			};
			name = Release;
		};
		5F4A39021CA3305B00B7703C /* Debug */ = {
			isa = XCBuildConfiguration;
			buildSettings = {
				ASSETCATALOG_COMPILER_APPICON_NAME = AppIcon;
				INFOPLIST_FILE = "Prueba Github/Info.plist";
				LD_RUNPATH_SEARCH_PATHS = "$(inherited) @executable_path/Frameworks";
				PRODUCT_BUNDLE_IDENTIFIER = "Cvz.Prueba-Github";
				PRODUCT_NAME = "$(TARGET_NAME)";
			};
			name = Debug;
		};
		5F4A39031CA3305B00B7703C /* Release */ = {
			isa = XCBuildConfiguration;
			buildSettings = {
				ASSETCATALOG_COMPILER_APPICON_NAME = AppIcon;
				INFOPLIST_FILE = "Prueba Github/Info.plist";
				LD_RUNPATH_SEARCH_PATHS = "$(inherited) @executable_path/Frameworks";
				PRODUCT_BUNDLE_IDENTIFIER = "Cvz.Prueba-Github";
				PRODUCT_NAME = "$(TARGET_NAME)";
			};
			name = Release;
		};
		5F4A39051CA3305B00B7703C /* Debug */ = {
			isa = XCBuildConfiguration;
			buildSettings = {
				BUNDLE_LOADER = "$(TEST_HOST)";
				INFOPLIST_FILE = "Prueba GithubTests/Info.plist";
				LD_RUNPATH_SEARCH_PATHS = "$(inherited) @executable_path/Frameworks @loader_path/Frameworks";
				PRODUCT_BUNDLE_IDENTIFIER = "Cvz.Prueba-GithubTests";
				PRODUCT_NAME = "$(TARGET_NAME)";
				TEST_HOST = "$(BUILT_PRODUCTS_DIR)/Prueba Github.app/Prueba Github";
			};
			name = Debug;
		};
		5F4A39061CA3305B00B7703C /* Release */ = {
			isa = XCBuildConfiguration;
			buildSettings = {
				BUNDLE_LOADER = "$(TEST_HOST)";
				INFOPLIST_FILE = "Prueba GithubTests/Info.plist";
				LD_RUNPATH_SEARCH_PATHS = "$(inherited) @executable_path/Frameworks @loader_path/Frameworks";
				PRODUCT_BUNDLE_IDENTIFIER = "Cvz.Prueba-GithubTests";
				PRODUCT_NAME = "$(TARGET_NAME)";
				TEST_HOST = "$(BUILT_PRODUCTS_DIR)/Prueba Github.app/Prueba Github";
			};
			name = Release;
		};
		5F4A39081CA3305B00B7703C /* Debug */ = {
			isa = XCBuildConfiguration;
			buildSettings = {
				INFOPLIST_FILE = "Prueba GithubUITests/Info.plist";
				LD_RUNPATH_SEARCH_PATHS = "$(inherited) @executable_path/Frameworks @loader_path/Frameworks";
				PRODUCT_BUNDLE_IDENTIFIER = "Cvz.Prueba-GithubUITests";
				PRODUCT_NAME = "$(TARGET_NAME)";
				TEST_TARGET_NAME = "Prueba Github";
			};
			name = Debug;
		};
		5F4A39091CA3305B00B7703C /* Release */ = {
			isa = XCBuildConfiguration;
			buildSettings = {
				INFOPLIST_FILE = "Prueba GithubUITests/Info.plist";
				LD_RUNPATH_SEARCH_PATHS = "$(inherited) @executable_path/Frameworks @loader_path/Frameworks";
				PRODUCT_BUNDLE_IDENTIFIER = "Cvz.Prueba-GithubUITests";
				PRODUCT_NAME = "$(TARGET_NAME)";
				TEST_TARGET_NAME = "Prueba Github";
			};
			name = Release;
		};
/* End XCBuildConfiguration section */

/* Begin XCConfigurationList section */
		5F4A38D41CA3303C00B7703C /* Build configuration list for PBXProject "Prueba Github" */ = {
			isa = XCConfigurationList;
			buildConfigurations = (
				5F4A38FF1CA3305B00B7703C /* Debug */,
				5F4A39001CA3305B00B7703C /* Release */,
			);
			defaultConfigurationIsVisible = 0;
			defaultConfigurationName = Release;
		};
		5F4A39011CA3305B00B7703C /* Build configuration list for PBXNativeTarget "Prueba Github" */ = {
			isa = XCConfigurationList;
			buildConfigurations = (
				5F4A39021CA3305B00B7703C /* Debug */,
				5F4A39031CA3305B00B7703C /* Release */,
			);
			defaultConfigurationIsVisible = 0;
		};
		5F4A39041CA3305B00B7703C /* Build configuration list for PBXNativeTarget "Prueba GithubTests" */ = {
			isa = XCConfigurationList;
			buildConfigurations = (
				5F4A39051CA3305B00B7703C /* Debug */,
				5F4A39061CA3305B00B7703C /* Release */,
			);
			defaultConfigurationIsVisible = 0;
		};
		5F4A39071CA3305B00B7703C /* Build configuration list for PBXNativeTarget "Prueba GithubUITests" */ = {
			isa = XCConfigurationList;
			buildConfigurations = (
				5F4A39081CA3305B00B7703C /* Debug */,
				5F4A39091CA3305B00B7703C /* Release */,
			);
			defaultConfigurationIsVisible = 0;
		};
/* End XCConfigurationList section */
	};
	rootObject = 5F4A38D11CA3303C00B7703C /* Project object */;
}
